// !$*UTF8*$!
{
	archiveVersion = 1;
	classes = {
	};
	objectVersion = 46;
	objects = {

/* Begin PBXBuildFile section */
		4A5DAC8018331CE40055A198 /* Foundation.framework in Frameworks */ = {isa = PBXBuildFile; fileRef = 4A5DAC7F18331CE40055A198 /* Foundation.framework */; };
		4A5DAC8218331CE40055A198 /* CoreGraphics.framework in Frameworks */ = {isa = PBXBuildFile; fileRef = 4A5DAC8118331CE40055A198 /* CoreGraphics.framework */; };
		4A5DAC8418331CE40055A198 /* UIKit.framework in Frameworks */ = {isa = PBXBuildFile; fileRef = 4A5DAC8318331CE40055A198 /* UIKit.framework */; };
		4A5DAC8A18331CE40055A198 /* InfoPlist.strings in Resources */ = {isa = PBXBuildFile; fileRef = 4A5DAC8818331CE40055A198 /* InfoPlist.strings */; };
		4A5DAC8C18331CE40055A198 /* main.m in Sources */ = {isa = PBXBuildFile; fileRef = 4A5DAC8B18331CE40055A198 /* main.m */; };
		4A5DAC9018331CE40055A198 /* AppDelegate.m in Sources */ = {isa = PBXBuildFile; fileRef = 4A5DAC8F18331CE40055A198 /* AppDelegate.m */; };
		4A5DAC9318331CE40055A198 /* Main.storyboard in Resources */ = {isa = PBXBuildFile; fileRef = 4A5DAC9118331CE40055A198 /* Main.storyboard */; };
		4A5DAC9618331CE40055A198 /* ViewController.m in Sources */ = {isa = PBXBuildFile; fileRef = 4A5DAC9518331CE40055A198 /* ViewController.m */; };
		4A5DAC9818331CE40055A198 /* Images.xcassets in Resources */ = {isa = PBXBuildFile; fileRef = 4A5DAC9718331CE40055A198 /* Images.xcassets */; };
		4A5DACB518331D3D0055A198 /* client.html in Resources */ = {isa = PBXBuildFile; fileRef = 4A5DACB418331D3D0055A198 /* client.html */; };
		4AF7120D1834B26100D1E1FA /* WebSocketServer.m in Sources */ = {isa = PBXBuildFile; fileRef = 4AF7120C1834B26100D1E1FA /* WebSocketServer.m */; };
		4AF712101834B2D300D1E1FA /* NSData+Base64.m in Sources */ = {isa = PBXBuildFile; fileRef = 4AF7120F1834B2D300D1E1FA /* NSData+Base64.m */; };
/* End PBXBuildFile section */

/* Begin PBXFileReference section */
		4A5DAC7C18331CE40055A198 /* WSComm.app */ = {isa = PBXFileReference; explicitFileType = wrapper.application; includeInIndex = 0; path = WSComm.app; sourceTree = BUILT_PRODUCTS_DIR; };
		4A5DAC7F18331CE40055A198 /* Foundation.framework */ = {isa = PBXFileReference; lastKnownFileType = wrapper.framework; name = Foundation.framework; path = System/Library/Frameworks/Foundation.framework; sourceTree = SDKROOT; };
		4A5DAC8118331CE40055A198 /* CoreGraphics.framework */ = {isa = PBXFileReference; lastKnownFileType = wrapper.framework; name = CoreGraphics.framework; path = System/Library/Frameworks/CoreGraphics.framework; sourceTree = SDKROOT; };
		4A5DAC8318331CE40055A198 /* UIKit.framework */ = {isa = PBXFileReference; lastKnownFileType = wrapper.framework; name = UIKit.framework; path = System/Library/Frameworks/UIKit.framework; sourceTree = SDKROOT; };
		4A5DAC8718331CE40055A198 /* WSComm-Info.plist */ = {isa = PBXFileReference; lastKnownFileType = text.plist.xml; path = "WSComm-Info.plist"; sourceTree = "<group>"; };
		4A5DAC8918331CE40055A198 /* en */ = {isa = PBXFileReference; lastKnownFileType = text.plist.strings; name = en; path = en.lproj/InfoPlist.strings; sourceTree = "<group>"; };
		4A5DAC8B18331CE40055A198 /* main.m */ = {isa = PBXFileReference; lastKnownFileType = sourcecode.c.objc; path = main.m; sourceTree = "<group>"; };
		4A5DAC8D18331CE40055A198 /* WSComm-Prefix.pch */ = {isa = PBXFileReference; lastKnownFileType = sourcecode.c.h; path = "WSComm-Prefix.pch"; sourceTree = "<group>"; };
		4A5DAC8E18331CE40055A198 /* AppDelegate.h */ = {isa = PBXFileReference; lastKnownFileType = sourcecode.c.h; path = AppDelegate.h; sourceTree = "<group>"; };
		4A5DAC8F18331CE40055A198 /* AppDelegate.m */ = {isa = PBXFileReference; lastKnownFileType = sourcecode.c.objc; path = AppDelegate.m; sourceTree = "<group>"; };
		4A5DAC9218331CE40055A198 /* Base */ = {isa = PBXFileReference; lastKnownFileType = file.storyboard; name = Base; path = Base.lproj/Main.storyboard; sourceTree = "<group>"; };
		4A5DAC9418331CE40055A198 /* ViewController.h */ = {isa = PBXFileReference; lastKnownFileType = sourcecode.c.h; path = ViewController.h; sourceTree = "<group>"; };
		4A5DAC9518331CE40055A198 /* ViewController.m */ = {isa = PBXFileReference; lastKnownFileType = sourcecode.c.objc; path = ViewController.m; sourceTree = "<group>"; };
		4A5DAC9718331CE40055A198 /* Images.xcassets */ = {isa = PBXFileReference; lastKnownFileType = folder.assetcatalog; path = Images.xcassets; sourceTree = "<group>"; };
		4A5DAC9E18331CE40055A198 /* XCTest.framework */ = {isa = PBXFileReference; lastKnownFileType = wrapper.framework; name = XCTest.framework; path = Library/Frameworks/XCTest.framework; sourceTree = DEVELOPER_DIR; };
		4A5DACB418331D3D0055A198 /* client.html */ = {isa = PBXFileReference; fileEncoding = 4; lastKnownFileType = text.html; path = client.html; sourceTree = "<group>"; };
		4AF7120B1834B26100D1E1FA /* WebSocketServer.h */ = {isa = PBXFileReference; fileEncoding = 4; lastKnownFileType = sourcecode.c.h; path = WebSocketServer.h; sourceTree = "<group>"; };
		4AF7120C1834B26100D1E1FA /* WebSocketServer.m */ = {isa = PBXFileReference; fileEncoding = 4; lastKnownFileType = sourcecode.c.objc; path = WebSocketServer.m; sourceTree = "<group>"; };
		4AF7120E1834B2D300D1E1FA /* NSData+Base64.h */ = {isa = PBXFileReference; fileEncoding = 4; lastKnownFileType = sourcecode.c.h; path = "NSData+Base64.h"; sourceTree = "<group>"; };
		4AF7120F1834B2D300D1E1FA /* NSData+Base64.m */ = {isa = PBXFileReference; fileEncoding = 4; lastKnownFileType = sourcecode.c.objc; path = "NSData+Base64.m"; sourceTree = "<group>"; };
/* End PBXFileReference section */

/* Begin PBXFrameworksBuildPhase section */
		4A5DAC7918331CE40055A198 /* Frameworks */ = {
			isa = PBXFrameworksBuildPhase;
			buildActionMask = 2147483647;
			files = (
				4A5DAC8218331CE40055A198 /* CoreGraphics.framework in Frameworks */,
				4A5DAC8418331CE40055A198 /* UIKit.framework in Frameworks */,
				4A5DAC8018331CE40055A198 /* Foundation.framework in Frameworks */,
			);
			runOnlyForDeploymentPostprocessing = 0;
		};
/* End PBXFrameworksBuildPhase section */

/* Begin PBXGroup section */
		4A5DAC7318331CE40055A198 = {
			isa = PBXGroup;
			children = (
				4A5DAC8518331CE40055A198 /* WSComm */,
				4A5DAC7E18331CE40055A198 /* Frameworks */,
				4A5DAC7D18331CE40055A198 /* Products */,
			);
			sourceTree = "<group>";
		};
		4A5DAC7D18331CE40055A198 /* Products */ = {
			isa = PBXGroup;
			children = (
				4A5DAC7C18331CE40055A198 /* WSComm.app */,
			);
			name = Products;
			sourceTree = "<group>";
		};
		4A5DAC7E18331CE40055A198 /* Frameworks */ = {
			isa = PBXGroup;
			children = (
				4A5DAC7F18331CE40055A198 /* Foundation.framework */,
				4A5DAC8118331CE40055A198 /* CoreGraphics.framework */,
				4A5DAC8318331CE40055A198 /* UIKit.framework */,
				4A5DAC9E18331CE40055A198 /* XCTest.framework */,
			);
			name = Frameworks;
			sourceTree = "<group>";
		};
		4A5DAC8518331CE40055A198 /* WSComm */ = {
			isa = PBXGroup;
			children = (
				4A5DAC8E18331CE40055A198 /* AppDelegate.h */,
				4A5DAC8F18331CE40055A198 /* AppDelegate.m */,
				4A5DAC9118331CE40055A198 /* Main.storyboard */,
				4A5DAC9418331CE40055A198 /* ViewController.h */,
				4A5DAC9518331CE40055A198 /* ViewController.m */,
				4AF7120B1834B26100D1E1FA /* WebSocketServer.h */,
				4AF7120C1834B26100D1E1FA /* WebSocketServer.m */,
				4AF7120E1834B2D300D1E1FA /* NSData+Base64.h */,
				4AF7120F1834B2D300D1E1FA /* NSData+Base64.m */,
				4A5DAC9718331CE40055A198 /* Images.xcassets */,
				4A5DAC8618331CE40055A198 /* Supporting Files */,
			);
			path = WSComm;
			sourceTree = "<group>";
		};
		4A5DAC8618331CE40055A198 /* Supporting Files */ = {
			isa = PBXGroup;
			children = (
				4A5DACB418331D3D0055A198 /* client.html */,
				4A5DAC8718331CE40055A198 /* WSComm-Info.plist */,
				4A5DAC8818331CE40055A198 /* InfoPlist.strings */,
				4A5DAC8B18331CE40055A198 /* main.m */,
				4A5DAC8D18331CE40055A198 /* WSComm-Prefix.pch */,
			);
			name = "Supporting Files";
			sourceTree = "<group>";
		};
/* End PBXGroup section */

/* Begin PBXNativeTarget section */
		4A5DAC7B18331CE40055A198 /* WSComm */ = {
			isa = PBXNativeTarget;
			buildConfigurationList = 4A5DACAE18331CE40055A198 /* Build configuration list for PBXNativeTarget "WSComm" */;
			buildPhases = (
				4A5DAC7818331CE40055A198 /* Sources */,
				4A5DAC7918331CE40055A198 /* Frameworks */,
				4A5DAC7A18331CE40055A198 /* Resources */,
			);
			buildRules = (
			);
			dependencies = (
			);
			name = WSComm;
			productName = WSComm;
			productReference = 4A5DAC7C18331CE40055A198 /* WSComm.app */;
			productType = "com.apple.product-type.application";
		};
/* End PBXNativeTarget section */

/* Begin PBXProject section */
		4A5DAC7418331CE40055A198 /* Project object */ = {
			isa = PBXProject;
			attributes = {
				LastUpgradeCheck = 0500;
				ORGANIZATIONNAME = Qoncept;
			};
			buildConfigurationList = 4A5DAC7718331CE40055A198 /* Build configuration list for PBXProject "WSComm" */;
			compatibilityVersion = "Xcode 3.2";
			developmentRegion = English;
			hasScannedForEncodings = 0;
			knownRegions = (
				en,
				Base,
			);
			mainGroup = 4A5DAC7318331CE40055A198;
			productRefGroup = 4A5DAC7D18331CE40055A198 /* Products */;
			projectDirPath = "";
			projectRoot = "";
			targets = (
				4A5DAC7B18331CE40055A198 /* WSComm */,
			);
		};
/* End PBXProject section */

/* Begin PBXResourcesBuildPhase section */
		4A5DAC7A18331CE40055A198 /* Resources */ = {
			isa = PBXResourcesBuildPhase;
			buildActionMask = 2147483647;
			files = (
				4A5DAC9818331CE40055A198 /* Images.xcassets in Resources */,
				4A5DACB518331D3D0055A198 /* client.html in Resources */,
				4A5DAC8A18331CE40055A198 /* InfoPlist.strings in Resources */,
				4A5DAC9318331CE40055A198 /* Main.storyboard in Resources */,
			);
			runOnlyForDeploymentPostprocessing = 0;
		};
/* End PBXResourcesBuildPhase section */

/* Begin PBXSourcesBuildPhase section */
		4A5DAC7818331CE40055A198 /* Sources */ = {
			isa = PBXSourcesBuildPhase;
			buildActionMask = 2147483647;
			files = (
				4A5DAC9618331CE40055A198 /* ViewController.m in Sources */,
				4A5DAC9018331CE40055A198 /* AppDelegate.m in Sources */,
				4AF712101834B2D300D1E1FA /* NSData+Base64.m in Sources */,
				4AF7120D1834B26100D1E1FA /* WebSocketServer.m in Sources */,
				4A5DAC8C18331CE40055A198 /* main.m in Sources */,
			);
			runOnlyForDeploymentPostprocessing = 0;
		};
/* End PBXSourcesBuildPhase section */

/* Begin PBXVariantGroup section */
		4A5DAC8818331CE40055A198 /* InfoPlist.strings */ = {
			isa = PBXVariantGroup;
			children = (
				4A5DAC8918331CE40055A198 /* en */,
			);
			name = InfoPlist.strings;
			sourceTree = "<group>";
		};
		4A5DAC9118331CE40055A198 /* Main.storyboard */ = {
			isa = PBXVariantGroup;
			children = (
				4A5DAC9218331CE40055A198 /* Base */,
			);
			name = Main.storyboard;
			sourceTree = "<group>";
		};
/* End PBXVariantGroup section */

/* Begin XCBuildConfiguration section */
		4A5DACAC18331CE40055A198 /* Debug */ = {
			isa = XCBuildConfiguration;
			buildSettings = {
				ALWAYS_SEARCH_USER_PATHS = NO;
				ARCHS = "$(ARCHS_STANDARD_INCLUDING_64_BIT)";
				CLANG_CXX_LANGUAGE_STANDARD = "gnu++0x";
				CLANG_CXX_LIBRARY = "libc++";
				CLANG_ENABLE_MODULES = YES;
				CLANG_ENABLE_OBJC_ARC = YES;
				CLANG_WARN_BOOL_CONVERSION = YES;
				CLANG_WARN_CONSTANT_CONVERSION = YES;
				CLANG_WARN_DIRECT_OBJC_ISA_USAGE = YES_ERROR;
				CLANG_WARN_EMPTY_BODY = YES;
				CLANG_WARN_ENUM_CONVERSION = YES;
				CLANG_WARN_INT_CONVERSION = YES;
				CLANG_WARN_OBJC_ROOT_CLASS = YES_ERROR;
				CLANG_WARN__DUPLICATE_METHOD_MATCH = YES;
				"CODE_SIGN_IDENTITY[sdk=iphoneos*]" = "iPhone Developer";
				COPY_PHASE_STRIP = NO;
				GCC_C_LANGUAGE_STANDARD = gnu99;
				GCC_DYNAMIC_NO_PIC = NO;
				GCC_OPTIMIZATION_LEVEL = 0;
				GCC_PREPROCESSOR_DEFINITIONS = (
					"DEBUG=1",
					"$(inherited)",
				);
				GCC_SYMBOLS_PRIVATE_EXTERN = NO;
				GCC_WARN_64_TO_32_BIT_CONVERSION = YES;
				GCC_WARN_ABOUT_RETURN_TYPE = YES_ERROR;
				GCC_WARN_UNDECLARED_SELECTOR = YES;
				GCC_WARN_UNINITIALIZED_AUTOS = YES;
				GCC_WARN_UNUSED_FUNCTION = YES;
				GCC_WARN_UNUSED_VARIABLE = YES;
				IPHONEOS_DEPLOYMENT_TARGET = 7.0;
				ONLY_ACTIVE_ARCH = YES;
				SDKROOT = iphoneos;
			};
			name = Debug;
		};
		4A5DACAD18331CE40055A198 /* Release */ = {
			isa = XCBuildConfiguration;
			buildSettings = {
				ALWAYS_SEARCH_USER_PATHS = NO;
				ARCHS = "$(ARCHS_STANDARD_INCLUDING_64_BIT)";
				CLANG_CXX_LANGUAGE_STANDARD = "gnu++0x";
				CLANG_CXX_LIBRARY = "libc++";
				CLANG_ENABLE_MODULES = YES;
				CLANG_ENABLE_OBJC_ARC = YES;
				CLANG_WARN_BOOL_CONVERSION = YES;
				CLANG_WARN_CONSTANT_CONVERSION = YES;
				CLANG_WARN_DIRECT_OBJC_ISA_USAGE = YES_ERROR;
				CLANG_WARN_EMPTY_BODY = YES;
				CLANG_WARN_ENUM_CONVERSION = YES;
				CLANG_WARN_INT_CONVERSION = YES;
				CLANG_WARN_OBJC_ROOT_CLASS = YES_ERROR;
				CLANG_WARN__DUPLICATE_METHOD_MATCH = YES;
				"CODE_SIGN_IDENTITY[sdk=iphoneos*]" = "iPhone Developer";
				COPY_PHASE_STRIP = YES;
				ENABLE_NS_ASSERTIONS = NO;
				GCC_C_LANGUAGE_STANDARD = gnu99;
				GCC_WARN_64_TO_32_BIT_CONVERSION = YES;
				GCC_WARN_ABOUT_RETURN_TYPE = YES_ERROR;
				GCC_WARN_UNDECLARED_SELECTOR = YES;
				GCC_WARN_UNINITIALIZED_AUTOS = YES;
				GCC_WARN_UNUSED_FUNCTION = YES;
				GCC_WARN_UNUSED_VARIABLE = YES;
				IPHONEOS_DEPLOYMENT_TARGET = 7.0;
				SDKROOT = iphoneos;
				VALIDATE_PRODUCT = YES;
			};
			name = Release;
		};
		4A5DACAF18331CE40055A198 /* Debug */ = {
			isa = XCBuildConfiguration;
			buildSettings = {
				ASSETCATALOG_COMPILER_APPICON_NAME = AppIcon;
				ASSETCATALOG_COMPILER_LAUNCHIMAGE_NAME = LaunchImage;
				GCC_PRECOMPILE_PREFIX_HEADER = YES;
				GCC_PREFIX_HEADER = "WSComm/WSComm-Prefix.pch";
				INFOPLIST_FILE = "WSComm/WSComm-Info.plist";
				PRODUCT_NAME = "$(TARGET_NAME)";
				WRAPPER_EXTENSION = app;
			};
			name = Debug;
		};
		4A5DACB018331CE40055A198 /* Release */ = {
			isa = XCBuildConfiguration;
			buildSettings = {
				ASSETCATALOG_COMPILER_APPICON_NAME = AppIcon;
				ASSETCATALOG_COMPILER_LAUNCHIMAGE_NAME = LaunchImage;
				GCC_PRECOMPILE_PREFIX_HEADER = YES;
				GCC_PREFIX_HEADER = "WSComm/WSComm-Prefix.pch";
				INFOPLIST_FILE = "WSComm/WSComm-Info.plist";
				PRODUCT_NAME = "$(TARGET_NAME)";
				WRAPPER_EXTENSION = app;
			};
			name = Release;
		};
/* End XCBuildConfiguration section */

/* Begin XCConfigurationList section */
		4A5DAC7718331CE40055A198 /* Build configuration list for PBXProject "WSComm" */ = {
			isa = XCConfigurationList;
			buildConfigurations = (
				4A5DACAC18331CE40055A198 /* Debug */,
				4A5DACAD18331CE40055A198 /* Release */,
			);
			defaultConfigurationIsVisible = 0;
			defaultConfigurationName = Release;
		};
		4A5DACAE18331CE40055A198 /* Build configuration list for PBXNativeTarget "WSComm" */ = {
			isa = XCConfigurationList;
			buildConfigurations = (
				4A5DACAF18331CE40055A198 /* Debug */,
				4A5DACB018331CE40055A198 /* Release */,
			);
			defaultConfigurationIsVisible = 0;
			defaultConfigurationName = Release;
		};
/* End XCConfigurationList section */
	};
	rootObject = 4A5DAC7418331CE40055A198 /* Project object */;
}
